
Microsoft Visual Studio Solution File, Format Version 12.00
# Visual Studio Version 16
VisualStudioVersion = 16.0.31702.278
MinimumVisualStudioVersion = 10.0.40219.1
Project("{FAE04EC0-301F-11D3-BF4B-00C04F79EFBC}") = "reflexTesti", "reflexTesti\reflexTesti.csproj", "{AD95C6FD-0DBA-45E0-AAD5-2BF36FC31465}"
EndProject
Global
	GlobalSection(SolutionConfigurationPlatforms) = preSolution
		Debug|Any CPU = Debug|Any CPU
		Release|Any CPU = Release|Any CPU
	EndGlobalSection
	GlobalSection(ProjectConfigurationPlatforms) = postSolution
		{AD95C6FD-0DBA-45E0-AAD5-2BF36FC31465}.Debug|Any CPU.ActiveCfg = Debug|Any CPU
		{AD95C6FD-0DBA-45E0-AAD5-2BF36FC31465}.Debug|Any CPU.Build.0 = Debug|Any CPU
		{AD95C6FD-0DBA-45E0-AAD5-2BF36FC31465}.Release|Any CPU.ActiveCfg = Release|Any CPU
		{AD95C6FD-0DBA-45E0-AAD5-2BF36FC31465}.Release|Any CPU.Build.0 = Release|Any CPU
	EndGlobalSection
	GlobalSection(SolutionProperties) = preSolution
		HideSolutionNode = FALSE
	EndGlobalSection
	GlobalSection(ExtensibilityGlobals) = postSolution
		SolutionGuid = {EE599A0D-8246-462C-8A59-C7D2615BC85D}
	EndGlobalSection
EndGlobal
